
Microsoft Visual Studio Solution File, Format Version 12.00
# Visual Studio 2012
Project("{FAE04EC0-301F-11D3-BF4B-00C04F79EFBC}") = "WepApiCommentSystem", "..\WepApiCommentSystem.csproj", "{7C165B04-F5BB-4B0B-A01B-72A4FD924934}"
EndProject
Global
	GlobalSection(SolutionConfigurationPlatforms) = preSolution
		Debug|Any CPU = Debug|Any CPU
		Release|Any CPU = Release|Any CPU
	EndGlobalSection
	GlobalSection(ProjectConfigurationPlatforms) = postSolution
		{7C165B04-F5BB-4B0B-A01B-72A4FD924934}.Debug|Any CPU.ActiveCfg = Debug|Any CPU
		{7C165B04-F5BB-4B0B-A01B-72A4FD924934}.Debug|Any CPU.Build.0 = Debug|Any CPU
		{7C165B04-F5BB-4B0B-A01B-72A4FD924934}.Release|Any CPU.ActiveCfg = Release|Any CPU
		{7C165B04-F5BB-4B0B-A01B-72A4FD924934}.Release|Any CPU.Build.0 = Release|Any CPU
	EndGlobalSection
	GlobalSection(SolutionProperties) = preSolution
		HideSolutionNode = FALSE
	EndGlobalSection
EndGlobal
